// !$*UTF8*$!
{
	archiveVersion = 1;
	classes = {
	};
	objectVersion = 46;
	objects = {

/* Begin PBXBuildFile section */
		0FC974661A81FF3900E02C40 /* Comment.m in Sources */ = {isa = PBXBuildFile; fileRef = 0FC974651A81FF3900E02C40 /* Comment.m */; };
		0FC974691A81FF4B00E02C40 /* Photo.m in Sources */ = {isa = PBXBuildFile; fileRef = 0FC974681A81FF4B00E02C40 /* Photo.m */; };
		0FC9746C1A82003200E02C40 /* Hashtag.m in Sources */ = {isa = PBXBuildFile; fileRef = 0FC9746B1A82003200E02C40 /* Hashtag.m */; };
		0FFF6CFF1A81A9F100B02AC5 /* User.m in Sources */ = {isa = PBXBuildFile; fileRef = 0FFF6CFE1A81A9F100B02AC5 /* User.m */; };
		60C5ECB71A818DA6009332BB /* main.m in Sources */ = {isa = PBXBuildFile; fileRef = 60C5ECB61A818DA6009332BB /* main.m */; };
		60C5ECBA1A818DA6009332BB /* AppDelegate.m in Sources */ = {isa = PBXBuildFile; fileRef = 60C5ECB91A818DA6009332BB /* AppDelegate.m */; };
		60C5ECBD1A818DA6009332BB /* Snap.xcdatamodeld in Sources */ = {isa = PBXBuildFile; fileRef = 60C5ECBB1A818DA6009332BB /* Snap.xcdatamodeld */; };
		60C5ECC01A818DA6009332BB /* PhotoViewController.m in Sources */ = {isa = PBXBuildFile; fileRef = 60C5ECBF1A818DA6009332BB /* PhotoViewController.m */; };
		60C5ECC31A818DA6009332BB /* Main.storyboard in Resources */ = {isa = PBXBuildFile; fileRef = 60C5ECC11A818DA6009332BB /* Main.storyboard */; };
		60C5ECC51A818DA6009332BB /* Images.xcassets in Resources */ = {isa = PBXBuildFile; fileRef = 60C5ECC41A818DA6009332BB /* Images.xcassets */; };
		60C5ECC81A818DA6009332BB /* LaunchScreen.xib in Resources */ = {isa = PBXBuildFile; fileRef = 60C5ECC61A818DA6009332BB /* LaunchScreen.xib */; };
		60C5ECD41A818DA6009332BB /* SnapTests.m in Sources */ = {isa = PBXBuildFile; fileRef = 60C5ECD31A818DA6009332BB /* SnapTests.m */; };
		60C5ECDE1A818FF2009332BB /* Parse.framework in Frameworks */ = {isa = PBXBuildFile; fileRef = 60C5ECDD1A818FF2009332BB /* Parse.framework */; };
		60C5ECE01A818FFA009332BB /* Bolts.framework in Frameworks */ = {isa = PBXBuildFile; fileRef = 60C5ECDF1A818FFA009332BB /* Bolts.framework */; };
		60C5ECE21A8190A8009332BB /* AudioToolbox.framework in Frameworks */ = {isa = PBXBuildFile; fileRef = 60C5ECE11A8190A8009332BB /* AudioToolbox.framework */; };
		60C5ECE41A8190AD009332BB /* CFNetwork.framework in Frameworks */ = {isa = PBXBuildFile; fileRef = 60C5ECE31A8190AD009332BB /* CFNetwork.framework */; };
		60C5ECE61A8190B3009332BB /* CoreGraphics.framework in Frameworks */ = {isa = PBXBuildFile; fileRef = 60C5ECE51A8190B3009332BB /* CoreGraphics.framework */; };
		60C5ECE81A8190BA009332BB /* CoreLocation.framework in Frameworks */ = {isa = PBXBuildFile; fileRef = 60C5ECE71A8190BA009332BB /* CoreLocation.framework */; };
		60C5ECEA1A8190C0009332BB /* MobileCoreServices.framework in Frameworks */ = {isa = PBXBuildFile; fileRef = 60C5ECE91A8190C0009332BB /* MobileCoreServices.framework */; };
		60C5ECEC1A8190C7009332BB /* QuartzCore.framework in Frameworks */ = {isa = PBXBuildFile; fileRef = 60C5ECEB1A8190C7009332BB /* QuartzCore.framework */; };
		60C5ECEE1A8190CD009332BB /* Security.framework in Frameworks */ = {isa = PBXBuildFile; fileRef = 60C5ECED1A8190CD009332BB /* Security.framework */; };
		60C5ECF01A8190D5009332BB /* StoreKit.framework in Frameworks */ = {isa = PBXBuildFile; fileRef = 60C5ECEF1A8190D5009332BB /* StoreKit.framework */; };
		60C5ECF21A8190DF009332BB /* SystemConfiguration.framework in Frameworks */ = {isa = PBXBuildFile; fileRef = 60C5ECF11A8190DF009332BB /* SystemConfiguration.framework */; };
		60C5ECF41A8190E9009332BB /* libz.dylib in Frameworks */ = {isa = PBXBuildFile; fileRef = 60C5ECF31A8190E9009332BB /* libz.dylib */; };
		60C5ECF61A819102009332BB /* libsqlite3.dylib in Frameworks */ = {isa = PBXBuildFile; fileRef = 60C5ECF51A819102009332BB /* libsqlite3.dylib */; };
		60C5ECFA1A8193FF009332BB /* SearchViewController.m in Sources */ = {isa = PBXBuildFile; fileRef = 60C5ECF91A8193FF009332BB /* SearchViewController.m */; };
		60C5ECFE1A819431009332BB /* CameraViewController.m in Sources */ = {isa = PBXBuildFile; fileRef = 60C5ECFD1A819431009332BB /* CameraViewController.m */; };
		60C5ED011A819443009332BB /* ProfileViewController.m in Sources */ = {isa = PBXBuildFile; fileRef = 60C5ED001A819443009332BB /* ProfileViewController.m */; };
		60C5ED041A819455009332BB /* UploadViewController.m in Sources */ = {isa = PBXBuildFile; fileRef = 60C5ED031A819455009332BB /* UploadViewController.m */; };
		60C5ED071A819466009332BB /* UploadDetailViewController.m in Sources */ = {isa = PBXBuildFile; fileRef = 60C5ED061A819466009332BB /* UploadDetailViewController.m */; };
		60C5ED0C1A819A1A009332BB /* DynamicTableViewCell.m in Sources */ = {isa = PBXBuildFile; fileRef = 60C5ED0B1A819A1A009332BB /* DynamicTableViewCell.m */; };
		60C5ED0F1A81B410009332BB /* ImageCollectionViewCell.m in Sources */ = {isa = PBXBuildFile; fileRef = 60C5ED0E1A81B410009332BB /* ImageCollectionViewCell.m */; };
		60C5ED471A82E502009332BB /* CoreMedia.framework in Frameworks */ = {isa = PBXBuildFile; fileRef = 60C5ED461A82E502009332BB /* CoreMedia.framework */; };
/* End PBXBuildFile section */

/* Begin PBXContainerItemProxy section */
		60C5ECCE1A818DA6009332BB /* PBXContainerItemProxy */ = {
			isa = PBXContainerItemProxy;
			containerPortal = 60C5ECA91A818DA5009332BB /* Project object */;
			proxyType = 1;
			remoteGlobalIDString = 60C5ECB01A818DA5009332BB;
			remoteInfo = Snap;
		};
/* End PBXContainerItemProxy section */

/* Begin PBXFileReference section */
		0FC974641A81FF3900E02C40 /* Comment.h */ = {isa = PBXFileReference; fileEncoding = 4; lastKnownFileType = sourcecode.c.h; path = Comment.h; sourceTree = "<group>"; };
		0FC974651A81FF3900E02C40 /* Comment.m */ = {isa = PBXFileReference; fileEncoding = 4; lastKnownFileType = sourcecode.c.objc; path = Comment.m; sourceTree = "<group>"; };
		0FC974671A81FF4B00E02C40 /* Photo.h */ = {isa = PBXFileReference; fileEncoding = 4; lastKnownFileType = sourcecode.c.h; path = Photo.h; sourceTree = "<group>"; };
		0FC974681A81FF4B00E02C40 /* Photo.m */ = {isa = PBXFileReference; fileEncoding = 4; lastKnownFileType = sourcecode.c.objc; path = Photo.m; sourceTree = "<group>"; };
		0FC9746A1A82003200E02C40 /* Hashtag.h */ = {isa = PBXFileReference; fileEncoding = 4; lastKnownFileType = sourcecode.c.h; path = Hashtag.h; sourceTree = "<group>"; };
		0FC9746B1A82003200E02C40 /* Hashtag.m */ = {isa = PBXFileReference; fileEncoding = 4; lastKnownFileType = sourcecode.c.objc; path = Hashtag.m; sourceTree = "<group>"; };
		0FFF6CFD1A81A9F100B02AC5 /* User.h */ = {isa = PBXFileReference; fileEncoding = 4; lastKnownFileType = sourcecode.c.h; path = User.h; sourceTree = "<group>"; };
		0FFF6CFE1A81A9F100B02AC5 /* User.m */ = {isa = PBXFileReference; fileEncoding = 4; lastKnownFileType = sourcecode.c.objc; path = User.m; sourceTree = "<group>"; };
		60C5ECB11A818DA6009332BB /* Snap.app */ = {isa = PBXFileReference; explicitFileType = wrapper.application; includeInIndex = 0; path = Snap.app; sourceTree = BUILT_PRODUCTS_DIR; };
		60C5ECB51A818DA6009332BB /* Info.plist */ = {isa = PBXFileReference; lastKnownFileType = text.plist.xml; path = Info.plist; sourceTree = "<group>"; };
		60C5ECB61A818DA6009332BB /* main.m */ = {isa = PBXFileReference; lastKnownFileType = sourcecode.c.objc; path = main.m; sourceTree = "<group>"; };
		60C5ECB81A818DA6009332BB /* AppDelegate.h */ = {isa = PBXFileReference; lastKnownFileType = sourcecode.c.h; path = AppDelegate.h; sourceTree = "<group>"; };
		60C5ECB91A818DA6009332BB /* AppDelegate.m */ = {isa = PBXFileReference; lastKnownFileType = sourcecode.c.objc; path = AppDelegate.m; sourceTree = "<group>"; };
		60C5ECBC1A818DA6009332BB /* Snap.xcdatamodel */ = {isa = PBXFileReference; lastKnownFileType = wrapper.xcdatamodel; path = Snap.xcdatamodel; sourceTree = "<group>"; };
		60C5ECBE1A818DA6009332BB /* PhotoViewController.h */ = {isa = PBXFileReference; lastKnownFileType = sourcecode.c.h; path = PhotoViewController.h; sourceTree = "<group>"; };
		60C5ECBF1A818DA6009332BB /* PhotoViewController.m */ = {isa = PBXFileReference; lastKnownFileType = sourcecode.c.objc; path = PhotoViewController.m; sourceTree = "<group>"; };
		60C5ECC21A818DA6009332BB /* Base */ = {isa = PBXFileReference; lastKnownFileType = file.storyboard; name = Base; path = Base.lproj/Main.storyboard; sourceTree = "<group>"; };
		60C5ECC41A818DA6009332BB /* Images.xcassets */ = {isa = PBXFileReference; lastKnownFileType = folder.assetcatalog; path = Images.xcassets; sourceTree = "<group>"; };
		60C5ECC71A818DA6009332BB /* Base */ = {isa = PBXFileReference; lastKnownFileType = file.xib; name = Base; path = Base.lproj/LaunchScreen.xib; sourceTree = "<group>"; };
		60C5ECCD1A818DA6009332BB /* SnapTests.xctest */ = {isa = PBXFileReference; explicitFileType = wrapper.cfbundle; includeInIndex = 0; path = SnapTests.xctest; sourceTree = BUILT_PRODUCTS_DIR; };
		60C5ECD21A818DA6009332BB /* Info.plist */ = {isa = PBXFileReference; lastKnownFileType = text.plist.xml; path = Info.plist; sourceTree = "<group>"; };
		60C5ECD31A818DA6009332BB /* SnapTests.m */ = {isa = PBXFileReference; lastKnownFileType = sourcecode.c.objc; path = SnapTests.m; sourceTree = "<group>"; };
		60C5ECDD1A818FF2009332BB /* Parse.framework */ = {isa = PBXFileReference; lastKnownFileType = wrapper.framework; name = Parse.framework; path = Snap/Parse.framework; sourceTree = "<group>"; };
		60C5ECDF1A818FFA009332BB /* Bolts.framework */ = {isa = PBXFileReference; lastKnownFileType = wrapper.framework; name = Bolts.framework; path = Snap/Bolts.framework; sourceTree = "<group>"; };
		60C5ECE11A8190A8009332BB /* AudioToolbox.framework */ = {isa = PBXFileReference; lastKnownFileType = wrapper.framework; name = AudioToolbox.framework; path = System/Library/Frameworks/AudioToolbox.framework; sourceTree = SDKROOT; };
		60C5ECE31A8190AD009332BB /* CFNetwork.framework */ = {isa = PBXFileReference; lastKnownFileType = wrapper.framework; name = CFNetwork.framework; path = System/Library/Frameworks/CFNetwork.framework; sourceTree = SDKROOT; };
		60C5ECE51A8190B3009332BB /* CoreGraphics.framework */ = {isa = PBXFileReference; lastKnownFileType = wrapper.framework; name = CoreGraphics.framework; path = System/Library/Frameworks/CoreGraphics.framework; sourceTree = SDKROOT; };
		60C5ECE71A8190BA009332BB /* CoreLocation.framework */ = {isa = PBXFileReference; lastKnownFileType = wrapper.framework; name = CoreLocation.framework; path = System/Library/Frameworks/CoreLocation.framework; sourceTree = SDKROOT; };
		60C5ECE91A8190C0009332BB /* MobileCoreServices.framework */ = {isa = PBXFileReference; lastKnownFileType = wrapper.framework; name = MobileCoreServices.framework; path = System/Library/Frameworks/MobileCoreServices.framework; sourceTree = SDKROOT; };
		60C5ECEB1A8190C7009332BB /* QuartzCore.framework */ = {isa = PBXFileReference; lastKnownFileType = wrapper.framework; name = QuartzCore.framework; path = System/Library/Frameworks/QuartzCore.framework; sourceTree = SDKROOT; };
		60C5ECED1A8190CD009332BB /* Security.framework */ = {isa = PBXFileReference; lastKnownFileType = wrapper.framework; name = Security.framework; path = System/Library/Frameworks/Security.framework; sourceTree = SDKROOT; };
		60C5ECEF1A8190D5009332BB /* StoreKit.framework */ = {isa = PBXFileReference; lastKnownFileType = wrapper.framework; name = StoreKit.framework; path = System/Library/Frameworks/StoreKit.framework; sourceTree = SDKROOT; };
		60C5ECF11A8190DF009332BB /* SystemConfiguration.framework */ = {isa = PBXFileReference; lastKnownFileType = wrapper.framework; name = SystemConfiguration.framework; path = System/Library/Frameworks/SystemConfiguration.framework; sourceTree = SDKROOT; };
		60C5ECF31A8190E9009332BB /* libz.dylib */ = {isa = PBXFileReference; lastKnownFileType = "compiled.mach-o.dylib"; name = libz.dylib; path = usr/lib/libz.dylib; sourceTree = SDKROOT; };
		60C5ECF51A819102009332BB /* libsqlite3.dylib */ = {isa = PBXFileReference; lastKnownFileType = "compiled.mach-o.dylib"; name = libsqlite3.dylib; path = usr/lib/libsqlite3.dylib; sourceTree = SDKROOT; };
		60C5ECF81A8193FF009332BB /* SearchViewController.h */ = {isa = PBXFileReference; fileEncoding = 4; lastKnownFileType = sourcecode.c.h; path = SearchViewController.h; sourceTree = "<group>"; };
		60C5ECF91A8193FF009332BB /* SearchViewController.m */ = {isa = PBXFileReference; fileEncoding = 4; lastKnownFileType = sourcecode.c.objc; path = SearchViewController.m; sourceTree = "<group>"; };
		60C5ECFC1A819431009332BB /* CameraViewController.h */ = {isa = PBXFileReference; fileEncoding = 4; lastKnownFileType = sourcecode.c.h; path = CameraViewController.h; sourceTree = "<group>"; };
		60C5ECFD1A819431009332BB /* CameraViewController.m */ = {isa = PBXFileReference; fileEncoding = 4; lastKnownFileType = sourcecode.c.objc; path = CameraViewController.m; sourceTree = "<group>"; };
		60C5ECFF1A819443009332BB /* ProfileViewController.h */ = {isa = PBXFileReference; fileEncoding = 4; lastKnownFileType = sourcecode.c.h; path = ProfileViewController.h; sourceTree = "<group>"; };
		60C5ED001A819443009332BB /* ProfileViewController.m */ = {isa = PBXFileReference; fileEncoding = 4; lastKnownFileType = sourcecode.c.objc; path = ProfileViewController.m; sourceTree = "<group>"; };
		60C5ED021A819455009332BB /* UploadViewController.h */ = {isa = PBXFileReference; fileEncoding = 4; lastKnownFileType = sourcecode.c.h; path = UploadViewController.h; sourceTree = "<group>"; };
		60C5ED031A819455009332BB /* UploadViewController.m */ = {isa = PBXFileReference; fileEncoding = 4; lastKnownFileType = sourcecode.c.objc; path = UploadViewController.m; sourceTree = "<group>"; };
		60C5ED051A819466009332BB /* UploadDetailViewController.h */ = {isa = PBXFileReference; fileEncoding = 4; lastKnownFileType = sourcecode.c.h; path = UploadDetailViewController.h; sourceTree = "<group>"; };
		60C5ED061A819466009332BB /* UploadDetailViewController.m */ = {isa = PBXFileReference; fileEncoding = 4; lastKnownFileType = sourcecode.c.objc; path = UploadDetailViewController.m; sourceTree = "<group>"; };
		60C5ED0A1A819A1A009332BB /* DynamicTableViewCell.h */ = {isa = PBXFileReference; fileEncoding = 4; lastKnownFileType = sourcecode.c.h; path = DynamicTableViewCell.h; sourceTree = "<group>"; };
		60C5ED0B1A819A1A009332BB /* DynamicTableViewCell.m */ = {isa = PBXFileReference; fileEncoding = 4; lastKnownFileType = sourcecode.c.objc; path = DynamicTableViewCell.m; sourceTree = "<group>"; };
		60C5ED0D1A81B410009332BB /* ImageCollectionViewCell.h */ = {isa = PBXFileReference; fileEncoding = 4; lastKnownFileType = sourcecode.c.h; path = ImageCollectionViewCell.h; sourceTree = "<group>"; };
		60C5ED0E1A81B410009332BB /* ImageCollectionViewCell.m */ = {isa = PBXFileReference; fileEncoding = 4; lastKnownFileType = sourcecode.c.objc; path = ImageCollectionViewCell.m; sourceTree = "<group>"; };
		60C5ED421A82D366009332BB /* AVFoundation.framework */ = {isa = PBXFileReference; lastKnownFileType = wrapper.framework; name = AVFoundation.framework; path = System/Library/Frameworks/AVFoundation.framework; sourceTree = SDKROOT; };
		60C5ED441A82E4F5009332BB /* CoreVideo.framework */ = {isa = PBXFileReference; lastKnownFileType = wrapper.framework; name = CoreVideo.framework; path = System/Library/Frameworks/CoreVideo.framework; sourceTree = SDKROOT; };
		60C5ED461A82E502009332BB /* CoreMedia.framework */ = {isa = PBXFileReference; lastKnownFileType = wrapper.framework; name = CoreMedia.framework; path = System/Library/Frameworks/CoreMedia.framework; sourceTree = SDKROOT; };
		60C5ED481A82E587009332BB /* ImageIO.framework */ = {isa = PBXFileReference; lastKnownFileType = wrapper.framework; name = ImageIO.framework; path = System/Library/Frameworks/ImageIO.framework; sourceTree = SDKROOT; };
/* End PBXFileReference section */

/* Begin PBXFrameworksBuildPhase section */
		60C5ECAE1A818DA5009332BB /* Frameworks */ = {
			isa = PBXFrameworksBuildPhase;
			buildActionMask = 2147483647;
			files = (
				60C5ED471A82E502009332BB /* CoreMedia.framework in Frameworks */,
				60C5ECF61A819102009332BB /* libsqlite3.dylib in Frameworks */,
				60C5ECF41A8190E9009332BB /* libz.dylib in Frameworks */,
				60C5ECF21A8190DF009332BB /* SystemConfiguration.framework in Frameworks */,
				60C5ECF01A8190D5009332BB /* StoreKit.framework in Frameworks */,
				60C5ECEE1A8190CD009332BB /* Security.framework in Frameworks */,
				60C5ECEC1A8190C7009332BB /* QuartzCore.framework in Frameworks */,
				60C5ECEA1A8190C0009332BB /* MobileCoreServices.framework in Frameworks */,
				60C5ECE81A8190BA009332BB /* CoreLocation.framework in Frameworks */,
				60C5ECE61A8190B3009332BB /* CoreGraphics.framework in Frameworks */,
				60C5ECE41A8190AD009332BB /* CFNetwork.framework in Frameworks */,
				60C5ECE21A8190A8009332BB /* AudioToolbox.framework in Frameworks */,
				60C5ECDE1A818FF2009332BB /* Parse.framework in Frameworks */,
				60C5ECE01A818FFA009332BB /* Bolts.framework in Frameworks */,
			);
			runOnlyForDeploymentPostprocessing = 0;
		};
		60C5ECCA1A818DA6009332BB /* Frameworks */ = {
			isa = PBXFrameworksBuildPhase;
			buildActionMask = 2147483647;
			files = (
			);
			runOnlyForDeploymentPostprocessing = 0;
		};
/* End PBXFrameworksBuildPhase section */

/* Begin PBXGroup section */
		60C5ECA81A818DA5009332BB = {
			isa = PBXGroup;
			children = (
				60C5ECB31A818DA6009332BB /* Snap */,
				60C5ECF71A819126009332BB /* Frameworks/SDKs */,
				60C5ECD01A818DA6009332BB /* SnapTests */,
				60C5ECB21A818DA6009332BB /* Products */,
			);
			sourceTree = "<group>";
		};
		60C5ECB21A818DA6009332BB /* Products */ = {
			isa = PBXGroup;
			children = (
				60C5ECB11A818DA6009332BB /* Snap.app */,
				60C5ECCD1A818DA6009332BB /* SnapTests.xctest */,
			);
			name = Products;
			sourceTree = "<group>";
		};
		60C5ECB31A818DA6009332BB /* Snap */ = {
			isa = PBXGroup;
			children = (
				60C5ECB81A818DA6009332BB /* AppDelegate.h */,
				60C5ECB91A818DA6009332BB /* AppDelegate.m */,
				60C5ED081A81946B009332BB /* View Controllers */,
				60C5ECFB1A819409009332BB /* Storyboard */,
				60C5ECC41A818DA6009332BB /* Images.xcassets */,
				60C5ED101A828FD0009332BB /* Data Models */,
				60C5ED111A828FDB009332BB /* Custom Cell Classes */,
				60C5ECC61A818DA6009332BB /* LaunchScreen.xib */,
				60C5ECBB1A818DA6009332BB /* Snap.xcdatamodeld */,
				60C5ECB41A818DA6009332BB /* Supporting Files */,
			);
			path = Snap;
			sourceTree = "<group>";
		};
		60C5ECB41A818DA6009332BB /* Supporting Files */ = {
			isa = PBXGroup;
			children = (
				60C5ECB51A818DA6009332BB /* Info.plist */,
				60C5ECB61A818DA6009332BB /* main.m */,
			);
			name = "Supporting Files";
			sourceTree = "<group>";
		};
		60C5ECD01A818DA6009332BB /* SnapTests */ = {
			isa = PBXGroup;
			children = (
				60C5ECD31A818DA6009332BB /* SnapTests.m */,
				60C5ECD11A818DA6009332BB /* Supporting Files */,
			);
			path = SnapTests;
			sourceTree = "<group>";
		};
		60C5ECD11A818DA6009332BB /* Supporting Files */ = {
			isa = PBXGroup;
			children = (
				60C5ECD21A818DA6009332BB /* Info.plist */,
			);
			name = "Supporting Files";
			sourceTree = "<group>";
		};
		60C5ECF71A819126009332BB /* Frameworks/SDKs */ = {
			isa = PBXGroup;
			children = (
				60C5ED481A82E587009332BB /* ImageIO.framework */,
				60C5ED461A82E502009332BB /* CoreMedia.framework */,
				60C5ED441A82E4F5009332BB /* CoreVideo.framework */,
				60C5ED421A82D366009332BB /* AVFoundation.framework */,
				60C5ECF51A819102009332BB /* libsqlite3.dylib */,
				60C5ECF31A8190E9009332BB /* libz.dylib */,
				60C5ECF11A8190DF009332BB /* SystemConfiguration.framework */,
				60C5ECEF1A8190D5009332BB /* StoreKit.framework */,
				60C5ECED1A8190CD009332BB /* Security.framework */,
				60C5ECEB1A8190C7009332BB /* QuartzCore.framework */,
				60C5ECE91A8190C0009332BB /* MobileCoreServices.framework */,
				60C5ECE71A8190BA009332BB /* CoreLocation.framework */,
				60C5ECE51A8190B3009332BB /* CoreGraphics.framework */,
				60C5ECE31A8190AD009332BB /* CFNetwork.framework */,
				60C5ECE11A8190A8009332BB /* AudioToolbox.framework */,
				60C5ED091A819662009332BB /* Parse Frameworks */,
			);
			name = Frameworks/SDKs;
			sourceTree = "<group>";
		};
		60C5ECFB1A819409009332BB /* Storyboard */ = {
			isa = PBXGroup;
			children = (
				60C5ECC11A818DA6009332BB /* Main.storyboard */,
			);
			name = Storyboard;
			sourceTree = "<group>";
		};
		60C5ED081A81946B009332BB /* View Controllers */ = {
			isa = PBXGroup;
			children = (
				60C5ECBE1A818DA6009332BB /* PhotoViewController.h */,
				60C5ECBF1A818DA6009332BB /* PhotoViewController.m */,
				60C5ECF81A8193FF009332BB /* SearchViewController.h */,
				60C5ECF91A8193FF009332BB /* SearchViewController.m */,
				60C5ECFC1A819431009332BB /* CameraViewController.h */,
				60C5ECFD1A819431009332BB /* CameraViewController.m */,
				60C5ECFF1A819443009332BB /* ProfileViewController.h */,
				60C5ED001A819443009332BB /* ProfileViewController.m */,
				60C5ED021A819455009332BB /* UploadViewController.h */,
				60C5ED031A819455009332BB /* UploadViewController.m */,
				60C5ED051A819466009332BB /* UploadDetailViewController.h */,
				60C5ED061A819466009332BB /* UploadDetailViewController.m */,
			);
			name = "View Controllers";
			sourceTree = "<group>";
		};
		60C5ED091A819662009332BB /* Parse Frameworks */ = {
			isa = PBXGroup;
			children = (
				60C5ECDF1A818FFA009332BB /* Bolts.framework */,
				60C5ECDD1A818FF2009332BB /* Parse.framework */,
			);
			name = "Parse Frameworks";
			sourceTree = "<group>";
		};
		60C5ED101A828FD0009332BB /* Data Models */ = {
			isa = PBXGroup;
			children = (
				0FFF6CFD1A81A9F100B02AC5 /* User.h */,
				0FFF6CFE1A81A9F100B02AC5 /* User.m */,
				0FC974641A81FF3900E02C40 /* Comment.h */,
				0FC974651A81FF3900E02C40 /* Comment.m */,
				0FC974671A81FF4B00E02C40 /* Photo.h */,
				0FC974681A81FF4B00E02C40 /* Photo.m */,
				0FC9746A1A82003200E02C40 /* Hashtag.h */,
				0FC9746B1A82003200E02C40 /* Hashtag.m */,
			);
			name = "Data Models";
			sourceTree = "<group>";
		};
		60C5ED111A828FDB009332BB /* Custom Cell Classes */ = {
			isa = PBXGroup;
			children = (
				60C5ED0A1A819A1A009332BB /* DynamicTableViewCell.h */,
				60C5ED0B1A819A1A009332BB /* DynamicTableViewCell.m */,
				60C5ED0D1A81B410009332BB /* ImageCollectionViewCell.h */,
				60C5ED0E1A81B410009332BB /* ImageCollectionViewCell.m */,
			);
			name = "Custom Cell Classes";
			sourceTree = "<group>";
		};
/* End PBXGroup section */

/* Begin PBXNativeTarget section */
		60C5ECB01A818DA5009332BB /* Snap */ = {
			isa = PBXNativeTarget;
			buildConfigurationList = 60C5ECD71A818DA6009332BB /* Build configuration list for PBXNativeTarget "Snap" */;
			buildPhases = (
				60C5ECAD1A818DA5009332BB /* Sources */,
				60C5ECAE1A818DA5009332BB /* Frameworks */,
				60C5ECAF1A818DA5009332BB /* Resources */,
			);
			buildRules = (
			);
			dependencies = (
			);
			name = Snap;
			productName = Snap;
			productReference = 60C5ECB11A818DA6009332BB /* Snap.app */;
			productType = "com.apple.product-type.application";
		};
		60C5ECCC1A818DA6009332BB /* SnapTests */ = {
			isa = PBXNativeTarget;
			buildConfigurationList = 60C5ECDA1A818DA6009332BB /* Build configuration list for PBXNativeTarget "SnapTests" */;
			buildPhases = (
				60C5ECC91A818DA6009332BB /* Sources */,
				60C5ECCA1A818DA6009332BB /* Frameworks */,
				60C5ECCB1A818DA6009332BB /* Resources */,
			);
			buildRules = (
			);
			dependencies = (
				60C5ECCF1A818DA6009332BB /* PBXTargetDependency */,
			);
			name = SnapTests;
			productName = SnapTests;
			productReference = 60C5ECCD1A818DA6009332BB /* SnapTests.xctest */;
			productType = "com.apple.product-type.bundle.unit-test";
		};
/* End PBXNativeTarget section */

/* Begin PBXProject section */
		60C5ECA91A818DA5009332BB /* Project object */ = {
			isa = PBXProject;
			attributes = {
				LastUpgradeCheck = 0610;
				ORGANIZATIONNAME = "Yi-Chin Sun";
				TargetAttributes = {
					60C5ECB01A818DA5009332BB = {
						CreatedOnToolsVersion = 6.1.1;
						DevelopmentTeam = PXJ4T2K4N5;
					};
					60C5ECCC1A818DA6009332BB = {
						CreatedOnToolsVersion = 6.1.1;
						DevelopmentTeam = PXJ4T2K4N5;
						TestTargetID = 60C5ECB01A818DA5009332BB;
					};
				};
			};
			buildConfigurationList = 60C5ECAC1A818DA5009332BB /* Build configuration list for PBXProject "Snap" */;
			compatibilityVersion = "Xcode 3.2";
			developmentRegion = English;
			hasScannedForEncodings = 0;
			knownRegions = (
				en,
				Base,
			);
			mainGroup = 60C5ECA81A818DA5009332BB;
			productRefGroup = 60C5ECB21A818DA6009332BB /* Products */;
			projectDirPath = "";
			projectRoot = "";
			targets = (
				60C5ECB01A818DA5009332BB /* Snap */,
				60C5ECCC1A818DA6009332BB /* SnapTests */,
			);
		};
/* End PBXProject section */

/* Begin PBXResourcesBuildPhase section */
		60C5ECAF1A818DA5009332BB /* Resources */ = {
			isa = PBXResourcesBuildPhase;
			buildActionMask = 2147483647;
			files = (
				60C5ECC31A818DA6009332BB /* Main.storyboard in Resources */,
				60C5ECC81A818DA6009332BB /* LaunchScreen.xib in Resources */,
				60C5ECC51A818DA6009332BB /* Images.xcassets in Resources */,
			);
			runOnlyForDeploymentPostprocessing = 0;
		};
		60C5ECCB1A818DA6009332BB /* Resources */ = {
			isa = PBXResourcesBuildPhase;
			buildActionMask = 2147483647;
			files = (
			);
			runOnlyForDeploymentPostprocessing = 0;
		};
/* End PBXResourcesBuildPhase section */

/* Begin PBXSourcesBuildPhase section */
		60C5ECAD1A818DA5009332BB /* Sources */ = {
			isa = PBXSourcesBuildPhase;
			buildActionMask = 2147483647;
			files = (
				0FC9746C1A82003200E02C40 /* Hashtag.m in Sources */,
				0FC974691A81FF4B00E02C40 /* Photo.m in Sources */,
				60C5ED071A819466009332BB /* UploadDetailViewController.m in Sources */,
				60C5ECBA1A818DA6009332BB /* AppDelegate.m in Sources */,
				60C5ECBD1A818DA6009332BB /* Snap.xcdatamodeld in Sources */,
				60C5ED0C1A819A1A009332BB /* DynamicTableViewCell.m in Sources */,
				60C5ECFA1A8193FF009332BB /* SearchViewController.m in Sources */,
				60C5ECFE1A819431009332BB /* CameraViewController.m in Sources */,
				0FFF6CFF1A81A9F100B02AC5 /* User.m in Sources */,
				60C5ED011A819443009332BB /* ProfileViewController.m in Sources */,
				0FC974661A81FF3900E02C40 /* Comment.m in Sources */,
				60C5ED041A819455009332BB /* UploadViewController.m in Sources */,
				60C5ED0F1A81B410009332BB /* ImageCollectionViewCell.m in Sources */,
				60C5ECC01A818DA6009332BB /* PhotoViewController.m in Sources */,
				60C5ECB71A818DA6009332BB /* main.m in Sources */,
			);
			runOnlyForDeploymentPostprocessing = 0;
		};
		60C5ECC91A818DA6009332BB /* Sources */ = {
			isa = PBXSourcesBuildPhase;
			buildActionMask = 2147483647;
			files = (
				60C5ECD41A818DA6009332BB /* SnapTests.m in Sources */,
			);
			runOnlyForDeploymentPostprocessing = 0;
		};
/* End PBXSourcesBuildPhase section */

/* Begin PBXTargetDependency section */
		60C5ECCF1A818DA6009332BB /* PBXTargetDependency */ = {
			isa = PBXTargetDependency;
			target = 60C5ECB01A818DA5009332BB /* Snap */;
			targetProxy = 60C5ECCE1A818DA6009332BB /* PBXContainerItemProxy */;
		};
/* End PBXTargetDependency section */

/* Begin PBXVariantGroup section */
		60C5ECC11A818DA6009332BB /* Main.storyboard */ = {
			isa = PBXVariantGroup;
			children = (
				60C5ECC21A818DA6009332BB /* Base */,
			);
			name = Main.storyboard;
			sourceTree = "<group>";
		};
		60C5ECC61A818DA6009332BB /* LaunchScreen.xib */ = {
			isa = PBXVariantGroup;
			children = (
				60C5ECC71A818DA6009332BB /* Base */,
			);
			name = LaunchScreen.xib;
			sourceTree = "<group>";
		};
/* End PBXVariantGroup section */

/* Begin XCBuildConfiguration section */
		60C5ECD51A818DA6009332BB /* Debug */ = {
			isa = XCBuildConfiguration;
			buildSettings = {
				ALWAYS_SEARCH_USER_PATHS = NO;
				CLANG_CXX_LANGUAGE_STANDARD = "gnu++0x";
				CLANG_CXX_LIBRARY = "libc++";
				CLANG_ENABLE_MODULES = YES;
				CLANG_ENABLE_OBJC_ARC = YES;
				CLANG_WARN_BOOL_CONVERSION = YES;
				CLANG_WARN_CONSTANT_CONVERSION = YES;
				CLANG_WARN_DIRECT_OBJC_ISA_USAGE = YES_ERROR;
				CLANG_WARN_EMPTY_BODY = YES;
				CLANG_WARN_ENUM_CONVERSION = YES;
				CLANG_WARN_INT_CONVERSION = YES;
				CLANG_WARN_OBJC_ROOT_CLASS = YES_ERROR;
				CLANG_WARN_UNREACHABLE_CODE = YES;
				CLANG_WARN__DUPLICATE_METHOD_MATCH = YES;
				"CODE_SIGN_IDENTITY[sdk=iphoneos*]" = "iPhone Developer";
				COPY_PHASE_STRIP = NO;
				ENABLE_STRICT_OBJC_MSGSEND = YES;
				GCC_C_LANGUAGE_STANDARD = gnu99;
				GCC_DYNAMIC_NO_PIC = NO;
				GCC_OPTIMIZATION_LEVEL = 0;
				GCC_PREPROCESSOR_DEFINITIONS = (
					"DEBUG=1",
					"$(inherited)",
				);
				GCC_SYMBOLS_PRIVATE_EXTERN = NO;
				GCC_WARN_64_TO_32_BIT_CONVERSION = YES;
				GCC_WARN_ABOUT_RETURN_TYPE = YES_ERROR;
				GCC_WARN_UNDECLARED_SELECTOR = YES;
				GCC_WARN_UNINITIALIZED_AUTOS = YES_AGGRESSIVE;
				GCC_WARN_UNUSED_FUNCTION = YES;
				GCC_WARN_UNUSED_VARIABLE = YES;
				IPHONEOS_DEPLOYMENT_TARGET = 8.1;
				MTL_ENABLE_DEBUG_INFO = YES;
				ONLY_ACTIVE_ARCH = YES;
				SDKROOT = iphoneos;
			};
			name = Debug;
		};
		60C5ECD61A818DA6009332BB /* Release */ = {
			isa = XCBuildConfiguration;
			buildSettings = {
				ALWAYS_SEARCH_USER_PATHS = NO;
				CLANG_CXX_LANGUAGE_STANDARD = "gnu++0x";
				CLANG_CXX_LIBRARY = "libc++";
				CLANG_ENABLE_MODULES = YES;
				CLANG_ENABLE_OBJC_ARC = YES;
				CLANG_WARN_BOOL_CONVERSION = YES;
				CLANG_WARN_CONSTANT_CONVERSION = YES;
				CLANG_WARN_DIRECT_OBJC_ISA_USAGE = YES_ERROR;
				CLANG_WARN_EMPTY_BODY = YES;
				CLANG_WARN_ENUM_CONVERSION = YES;
				CLANG_WARN_INT_CONVERSION = YES;
				CLANG_WARN_OBJC_ROOT_CLASS = YES_ERROR;
				CLANG_WARN_UNREACHABLE_CODE = YES;
				CLANG_WARN__DUPLICATE_METHOD_MATCH = YES;
				"CODE_SIGN_IDENTITY[sdk=iphoneos*]" = "iPhone Developer";
				COPY_PHASE_STRIP = YES;
				ENABLE_NS_ASSERTIONS = NO;
				ENABLE_STRICT_OBJC_MSGSEND = YES;
				GCC_C_LANGUAGE_STANDARD = gnu99;
				GCC_WARN_64_TO_32_BIT_CONVERSION = YES;
				GCC_WARN_ABOUT_RETURN_TYPE = YES_ERROR;
				GCC_WARN_UNDECLARED_SELECTOR = YES;
				GCC_WARN_UNINITIALIZED_AUTOS = YES_AGGRESSIVE;
				GCC_WARN_UNUSED_FUNCTION = YES;
				GCC_WARN_UNUSED_VARIABLE = YES;
				IPHONEOS_DEPLOYMENT_TARGET = 8.1;
				MTL_ENABLE_DEBUG_INFO = NO;
				SDKROOT = iphoneos;
				VALIDATE_PRODUCT = YES;
			};
			name = Release;
		};
		60C5ECD81A818DA6009332BB /* Debug */ = {
			isa = XCBuildConfiguration;
			buildSettings = {
				ASSETCATALOG_COMPILER_APPICON_NAME = AppIcon;
				FRAMEWORK_SEARCH_PATHS = (
					"$(inherited)",
					"$(PROJECT_DIR)/Snap",
				);
				INFOPLIST_FILE = Snap/Info.plist;
				LD_RUNPATH_SEARCH_PATHS = "$(inherited) @executable_path/Frameworks";
				PRODUCT_NAME = "$(TARGET_NAME)";
			};
			name = Debug;
		};
		60C5ECD91A818DA6009332BB /* Release */ = {
			isa = XCBuildConfiguration;
			buildSettings = {
				ASSETCATALOG_COMPILER_APPICON_NAME = AppIcon;
				FRAMEWORK_SEARCH_PATHS = (
					"$(inherited)",
					"$(PROJECT_DIR)/Snap",
				);
				INFOPLIST_FILE = Snap/Info.plist;
				LD_RUNPATH_SEARCH_PATHS = "$(inherited) @executable_path/Frameworks";
				PRODUCT_NAME = "$(TARGET_NAME)";
			};
			name = Release;
		};
		60C5ECDB1A818DA6009332BB /* Debug */ = {
			isa = XCBuildConfiguration;
			buildSettings = {
				BUNDLE_LOADER = "$(TEST_HOST)";
				CODE_SIGN_IDENTITY = "iPhone Developer";
				"CODE_SIGN_IDENTITY[sdk=iphoneos*]" = "iPhone Developer";
				FRAMEWORK_SEARCH_PATHS = (
					"$(SDKROOT)/Developer/Library/Frameworks",
					"$(inherited)",
				);
				GCC_PREPROCESSOR_DEFINITIONS = (
					"DEBUG=1",
					"$(inherited)",
				);
				INFOPLIST_FILE = SnapTests/Info.plist;
				LD_RUNPATH_SEARCH_PATHS = "$(inherited) @executable_path/Frameworks @loader_path/Frameworks";
				PRODUCT_NAME = "$(TARGET_NAME)";
				PROVISIONING_PROFILE = "";
				TEST_HOST = "$(BUILT_PRODUCTS_DIR)/Snap.app/Snap";
			};
			name = Debug;
		};
		60C5ECDC1A818DA6009332BB /* Release */ = {
			isa = XCBuildConfiguration;
			buildSettings = {
				BUNDLE_LOADER = "$(TEST_HOST)";
				CODE_SIGN_IDENTITY = "iPhone Developer";
				"CODE_SIGN_IDENTITY[sdk=iphoneos*]" = "iPhone Developer";
				FRAMEWORK_SEARCH_PATHS = (
					"$(SDKROOT)/Developer/Library/Frameworks",
					"$(inherited)",
				);
				INFOPLIST_FILE = SnapTests/Info.plist;
				LD_RUNPATH_SEARCH_PATHS = "$(inherited) @executable_path/Frameworks @loader_path/Frameworks";
				PRODUCT_NAME = "$(TARGET_NAME)";
				PROVISIONING_PROFILE = "";
				TEST_HOST = "$(BUILT_PRODUCTS_DIR)/Snap.app/Snap";
			};
			name = Release;
		};
/* End XCBuildConfiguration section */

/* Begin XCConfigurationList section */
		60C5ECAC1A818DA5009332BB /* Build configuration list for PBXProject "Snap" */ = {
			isa = XCConfigurationList;
			buildConfigurations = (
				60C5ECD51A818DA6009332BB /* Debug */,
				60C5ECD61A818DA6009332BB /* Release */,
			);
			defaultConfigurationIsVisible = 0;
			defaultConfigurationName = Release;
		};
		60C5ECD71A818DA6009332BB /* Build configuration list for PBXNativeTarget "Snap" */ = {
			isa = XCConfigurationList;
			buildConfigurations = (
				60C5ECD81A818DA6009332BB /* Debug */,
				60C5ECD91A818DA6009332BB /* Release */,
			);
			defaultConfigurationIsVisible = 0;
			defaultConfigurationName = Release;
		};
		60C5ECDA1A818DA6009332BB /* Build configuration list for PBXNativeTarget "SnapTests" */ = {
			isa = XCConfigurationList;
			buildConfigurations = (
				60C5ECDB1A818DA6009332BB /* Debug */,
				60C5ECDC1A818DA6009332BB /* Release */,
			);
			defaultConfigurationIsVisible = 0;
			defaultConfigurationName = Release;
		};
/* End XCConfigurationList section */

/* Begin XCVersionGroup section */
		60C5ECBB1A818DA6009332BB /* Snap.xcdatamodeld */ = {
			isa = XCVersionGroup;
			children = (
				60C5ECBC1A818DA6009332BB /* Snap.xcdatamodel */,
			);
			currentVersion = 60C5ECBC1A818DA6009332BB /* Snap.xcdatamodel */;
			path = Snap.xcdatamodeld;
			sourceTree = "<group>";
			versionGroupType = wrapper.xcdatamodel;
		};
/* End XCVersionGroup section */
	};
	rootObject = 60C5ECA91A818DA5009332BB /* Project object */;
}
